
Microsoft Visual Studio Solution File, Format Version 12.00
# Visual Studio Version 17
VisualStudioVersion = 17.10.34928.147
MinimumVisualStudioVersion = 10.0.40219.1
Project("{9A19103F-16F7-4668-BE54-9A1E7A4F7556}") = "Demo", "Demo\Demo.csproj", "{E3127697-808D-4D07-B587-87C2AD7E5E99}"
EndProject
Project("{FAE04EC0-301F-11D3-BF4B-00C04F79EFBC}") = "Assignment", "Assignment\Assignment.csproj", "{A9D3A237-1D04-4FA6-9121-ED750BD4C850}"
EndProject
Global
	GlobalSection(SolutionConfigurationPlatforms) = preSolution
		Debug|Any CPU = Debug|Any CPU
		Release|Any CPU = Release|Any CPU
	EndGlobalSection
	GlobalSection(ProjectConfigurationPlatforms) = postSolution
		{E3127697-808D-4D07-B587-87C2AD7E5E99}.Debug|Any CPU.ActiveCfg = Debug|Any CPU
		{E3127697-808D-4D07-B587-87C2AD7E5E99}.Debug|Any CPU.Build.0 = Debug|Any CPU
		{E3127697-808D-4D07-B587-87C2AD7E5E99}.Release|Any CPU.ActiveCfg = Release|Any CPU
		{E3127697-808D-4D07-B587-87C2AD7E5E99}.Release|Any CPU.Build.0 = Release|Any CPU
		{A9D3A237-1D04-4FA6-9121-ED750BD4C850}.Debug|Any CPU.ActiveCfg = Debug|Any CPU
		{A9D3A237-1D04-4FA6-9121-ED750BD4C850}.Debug|Any CPU.Build.0 = Debug|Any CPU
		{A9D3A237-1D04-4FA6-9121-ED750BD4C850}.Release|Any CPU.ActiveCfg = Release|Any CPU
		{A9D3A237-1D04-4FA6-9121-ED750BD4C850}.Release|Any CPU.Build.0 = Release|Any CPU
	EndGlobalSection
	GlobalSection(SolutionProperties) = preSolution
		HideSolutionNode = FALSE
	EndGlobalSection
	GlobalSection(ExtensibilityGlobals) = postSolution
		SolutionGuid = {FFAF7EB2-9B63-4E10-9158-B5CB063C140A}
	EndGlobalSection
EndGlobal
